
Microsoft Visual Studio Solution File, Format Version 12.00
# Visual Studio Version 16
VisualStudioVersion = 16.0.29324.140
MinimumVisualStudioVersion = 10.0.40219.1
Project("{9A19103F-16F7-4668-BE54-9A1E7A4F7556}") = "PasswordlessLogin", "PasswordlessLogin\PasswordlessLogin.csproj", "{054677D3-A476-4612-A068-E265D8BA8BED}"
EndProject
Project("{9A19103F-16F7-4668-BE54-9A1E7A4F7556}") = "PasswordlessLogin.SqlServer", "PasswordlessLogin.SqlServer\PasswordlessLogin.SqlServer.csproj", "{66681C3C-B28F-4752-BAFA-5D2A69B8F366}"
EndProject
Project("{9A19103F-16F7-4668-BE54-9A1E7A4F7556}") = "PasswordlessLogin.API", "PasswordlessLogin.API\PasswordlessLogin.API.csproj", "{5FC87570-C19C-4200-AE0D-DD13445A07C4}"
EndProject
Project("{FAE04EC0-301F-11D3-BF4B-00C04F79EFBC}") = "PasswordlessLogin.MySql", "PasswordlessLogin.MySql\PasswordlessLogin.MySql.csproj", "{BAC98573-077C-473E-9A4C-EF825F414425}"
EndProject
Global
	GlobalSection(SolutionConfigurationPlatforms) = preSolution
		Debug|Any CPU = Debug|Any CPU
		Release|Any CPU = Release|Any CPU
	EndGlobalSection
	GlobalSection(ProjectConfigurationPlatforms) = postSolution
		{054677D3-A476-4612-A068-E265D8BA8BED}.Debug|Any CPU.ActiveCfg = Debug|Any CPU
		{054677D3-A476-4612-A068-E265D8BA8BED}.Debug|Any CPU.Build.0 = Debug|Any CPU
		{054677D3-A476-4612-A068-E265D8BA8BED}.Release|Any CPU.ActiveCfg = Release|Any CPU
		{054677D3-A476-4612-A068-E265D8BA8BED}.Release|Any CPU.Build.0 = Release|Any CPU
		{66681C3C-B28F-4752-BAFA-5D2A69B8F366}.Debug|Any CPU.ActiveCfg = Debug|Any CPU
		{66681C3C-B28F-4752-BAFA-5D2A69B8F366}.Debug|Any CPU.Build.0 = Debug|Any CPU
		{66681C3C-B28F-4752-BAFA-5D2A69B8F366}.Release|Any CPU.ActiveCfg = Release|Any CPU
		{66681C3C-B28F-4752-BAFA-5D2A69B8F366}.Release|Any CPU.Build.0 = Release|Any CPU
		{5FC87570-C19C-4200-AE0D-DD13445A07C4}.Debug|Any CPU.ActiveCfg = Debug|Any CPU
		{5FC87570-C19C-4200-AE0D-DD13445A07C4}.Debug|Any CPU.Build.0 = Debug|Any CPU
		{5FC87570-C19C-4200-AE0D-DD13445A07C4}.Release|Any CPU.ActiveCfg = Release|Any CPU
		{5FC87570-C19C-4200-AE0D-DD13445A07C4}.Release|Any CPU.Build.0 = Release|Any CPU
		{BAC98573-077C-473E-9A4C-EF825F414425}.Debug|Any CPU.ActiveCfg = Debug|Any CPU
		{BAC98573-077C-473E-9A4C-EF825F414425}.Debug|Any CPU.Build.0 = Debug|Any CPU
		{BAC98573-077C-473E-9A4C-EF825F414425}.Release|Any CPU.ActiveCfg = Release|Any CPU
		{BAC98573-077C-473E-9A4C-EF825F414425}.Release|Any CPU.Build.0 = Release|Any CPU
	EndGlobalSection
	GlobalSection(SolutionProperties) = preSolution
		HideSolutionNode = FALSE
	EndGlobalSection
	GlobalSection(ExtensibilityGlobals) = postSolution
		SolutionGuid = {42B6A615-886D-4EE0-B40F-6EF3E1640177}
	EndGlobalSection
EndGlobal
